
Microsoft Visual Studio Solution File, Format Version 12.00
# Visual Studio Version 17
VisualStudioVersion = 17.14.36623.8 d17.14
MinimumVisualStudioVersion = 10.0.40219.1
Project("{FAE04EC0-301F-11D3-BF4B-00C04F79EFBC}") = "WinForm-admin_module", "WinForm-admin_module\WinForm-admin_module.csproj", "{EA72FD74-4430-4ACA-9B26-32043EB5D55B}"
EndProject
Global
	GlobalSection(SolutionConfigurationPlatforms) = preSolution
		Debug|Any CPU = Debug|Any CPU
		Release|Any CPU = Release|Any CPU
	EndGlobalSection
	GlobalSection(ProjectConfigurationPlatforms) = postSolution
		{EA72FD74-4430-4ACA-9B26-32043EB5D55B}.Debug|Any CPU.ActiveCfg = Debug|Any CPU
		{EA72FD74-4430-4ACA-9B26-32043EB5D55B}.Debug|Any CPU.Build.0 = Debug|Any CPU
		{EA72FD74-4430-4ACA-9B26-32043EB5D55B}.Release|Any CPU.ActiveCfg = Release|Any CPU
		{EA72FD74-4430-4ACA-9B26-32043EB5D55B}.Release|Any CPU.Build.0 = Release|Any CPU
	EndGlobalSection
	GlobalSection(SolutionProperties) = preSolution
		HideSolutionNode = FALSE
	EndGlobalSection
	GlobalSection(ExtensibilityGlobals) = postSolution
		SolutionGuid = {EB516A78-96CB-4ACD-AC20-48F2BD5871D5}
	EndGlobalSection
EndGlobal
