
Microsoft Visual Studio Solution File, Format Version 12.00
# Visual Studio Version 17
VisualStudioVersion = 17.14.36401.2 d17.14
MinimumVisualStudioVersion = 10.0.40219.1
Project("{FAE04EC0-301F-11D3-BF4B-00C04F79EFBC}") = "WinForm-inventory_module", "WinForm-inventory_module\WinForm-inventory_module.csproj", "{CF93D36E-8FD6-4606-8430-674C8E57FF4B}"
EndProject
Global
	GlobalSection(SolutionConfigurationPlatforms) = preSolution
		Debug|Any CPU = Debug|Any CPU
		Release|Any CPU = Release|Any CPU
	EndGlobalSection
	GlobalSection(ProjectConfigurationPlatforms) = postSolution
		{CF93D36E-8FD6-4606-8430-674C8E57FF4B}.Debug|Any CPU.ActiveCfg = Debug|Any CPU
		{CF93D36E-8FD6-4606-8430-674C8E57FF4B}.Debug|Any CPU.Build.0 = Debug|Any CPU
		{CF93D36E-8FD6-4606-8430-674C8E57FF4B}.Release|Any CPU.ActiveCfg = Release|Any CPU
		{CF93D36E-8FD6-4606-8430-674C8E57FF4B}.Release|Any CPU.Build.0 = Release|Any CPU
	EndGlobalSection
	GlobalSection(SolutionProperties) = preSolution
		HideSolutionNode = FALSE
	EndGlobalSection
	GlobalSection(ExtensibilityGlobals) = postSolution
		SolutionGuid = {BE0C5979-7129-48CF-ADA9-08250C26D789}
	EndGlobalSection
EndGlobal
